// !$*UTF8*$!
{
	archiveVersion = 1;
	classes = {
	};
	objectVersion = 46;
	objects = {

/* Begin PBXBuildFile section */
		189A1E2918EC09DB0091DC8A /* Foundation.framework in Frameworks */ = {isa = PBXBuildFile; fileRef = 189A1E2818EC09DB0091DC8A /* Foundation.framework */; };
		189A1E2B18EC09DB0091DC8A /* CoreGraphics.framework in Frameworks */ = {isa = PBXBuildFile; fileRef = 189A1E2A18EC09DB0091DC8A /* CoreGraphics.framework */; };
		189A1E2D18EC09DB0091DC8A /* UIKit.framework in Frameworks */ = {isa = PBXBuildFile; fileRef = 189A1E2C18EC09DB0091DC8A /* UIKit.framework */; };
		189A1E3318EC09DB0091DC8A /* InfoPlist.strings in Resources */ = {isa = PBXBuildFile; fileRef = 189A1E3118EC09DB0091DC8A /* InfoPlist.strings */; };
		189A1E3518EC09DB0091DC8A /* main.m in Sources */ = {isa = PBXBuildFile; fileRef = 189A1E3418EC09DB0091DC8A /* main.m */; };
		189A1E3918EC09DB0091DC8A /* AppDelegate.m in Sources */ = {isa = PBXBuildFile; fileRef = 189A1E3818EC09DB0091DC8A /* AppDelegate.m */; };
		189A1E3C18EC09DB0091DC8A /* Main.storyboard in Resources */ = {isa = PBXBuildFile; fileRef = 189A1E3A18EC09DB0091DC8A /* Main.storyboard */; };
		189A1E3F18EC09DB0091DC8A /* StartViewController.m in Sources */ = {isa = PBXBuildFile; fileRef = 189A1E3E18EC09DB0091DC8A /* StartViewController.m */; };
		189A1E4118EC09DB0091DC8A /* Images.xcassets in Resources */ = {isa = PBXBuildFile; fileRef = 189A1E4018EC09DB0091DC8A /* Images.xcassets */; };
		189A1E4818EC09DB0091DC8A /* XCTest.framework in Frameworks */ = {isa = PBXBuildFile; fileRef = 189A1E4718EC09DB0091DC8A /* XCTest.framework */; };
		189A1E4918EC09DB0091DC8A /* Foundation.framework in Frameworks */ = {isa = PBXBuildFile; fileRef = 189A1E2818EC09DB0091DC8A /* Foundation.framework */; };
		189A1E4A18EC09DB0091DC8A /* UIKit.framework in Frameworks */ = {isa = PBXBuildFile; fileRef = 189A1E2C18EC09DB0091DC8A /* UIKit.framework */; };
		189A1E5218EC09DB0091DC8A /* InfoPlist.strings in Resources */ = {isa = PBXBuildFile; fileRef = 189A1E5018EC09DB0091DC8A /* InfoPlist.strings */; };
		189A1E5418EC09DB0091DC8A /* marubatuTests.m in Sources */ = {isa = PBXBuildFile; fileRef = 189A1E5318EC09DB0091DC8A /* marubatuTests.m */; };
		189A1E5E18EC09F00091DC8A /* maru.jpeg in Resources */ = {isa = PBXBuildFile; fileRef = 189A1E5D18EC09F00091DC8A /* maru.jpeg */; };
		189A1E5F18EC09F00091DC8A /* maru.jpeg in Resources */ = {isa = PBXBuildFile; fileRef = 189A1E5D18EC09F00091DC8A /* maru.jpeg */; };
		189A1E6118EC09F80091DC8A /* batu.jpeg in Resources */ = {isa = PBXBuildFile; fileRef = 189A1E6018EC09F80091DC8A /* batu.jpeg */; };
		189A1E6218EC09F80091DC8A /* batu.jpeg in Resources */ = {isa = PBXBuildFile; fileRef = 189A1E6018EC09F80091DC8A /* batu.jpeg */; };
		189A1E6918EC15CD0091DC8A /* DataViewController.m in Sources */ = {isa = PBXBuildFile; fileRef = 189A1E6818EC15CD0091DC8A /* DataViewController.m */; };
		189A1E6A18EC15CD0091DC8A /* DataViewController.m in Sources */ = {isa = PBXBuildFile; fileRef = 189A1E6818EC15CD0091DC8A /* DataViewController.m */; };
		DDA4C90818EE4DC0000BF1B1 /* KekkaViewController.m in Sources */ = {isa = PBXBuildFile; fileRef = DDA4C90718EE4DC0000BF1B1 /* KekkaViewController.m */; };
/* End PBXBuildFile section */

/* Begin PBXContainerItemProxy section */
		189A1E4B18EC09DB0091DC8A /* PBXContainerItemProxy */ = {
			isa = PBXContainerItemProxy;
			containerPortal = 189A1E1D18EC09DA0091DC8A /* Project object */;
			proxyType = 1;
			remoteGlobalIDString = 189A1E2418EC09DA0091DC8A;
			remoteInfo = marubatu;
		};
/* End PBXContainerItemProxy section */

/* Begin PBXFileReference section */
		189A1E2518EC09DB0091DC8A /* marubatu.app */ = {isa = PBXFileReference; explicitFileType = wrapper.application; includeInIndex = 0; path = marubatu.app; sourceTree = BUILT_PRODUCTS_DIR; };
		189A1E2818EC09DB0091DC8A /* Foundation.framework */ = {isa = PBXFileReference; lastKnownFileType = wrapper.framework; name = Foundation.framework; path = System/Library/Frameworks/Foundation.framework; sourceTree = SDKROOT; };
		189A1E2A18EC09DB0091DC8A /* CoreGraphics.framework */ = {isa = PBXFileReference; lastKnownFileType = wrapper.framework; name = CoreGraphics.framework; path = System/Library/Frameworks/CoreGraphics.framework; sourceTree = SDKROOT; };
		189A1E2C18EC09DB0091DC8A /* UIKit.framework */ = {isa = PBXFileReference; lastKnownFileType = wrapper.framework; name = UIKit.framework; path = System/Library/Frameworks/UIKit.framework; sourceTree = SDKROOT; };
		189A1E3018EC09DB0091DC8A /* marubatu-Info.plist */ = {isa = PBXFileReference; lastKnownFileType = text.plist.xml; path = "marubatu-Info.plist"; sourceTree = "<group>"; };
		189A1E3218EC09DB0091DC8A /* en */ = {isa = PBXFileReference; lastKnownFileType = text.plist.strings; name = en; path = en.lproj/InfoPlist.strings; sourceTree = "<group>"; };
		189A1E3418EC09DB0091DC8A /* main.m */ = {isa = PBXFileReference; lastKnownFileType = sourcecode.c.objc; path = main.m; sourceTree = "<group>"; };
		189A1E3618EC09DB0091DC8A /* marubatu-Prefix.pch */ = {isa = PBXFileReference; lastKnownFileType = sourcecode.c.h; path = "marubatu-Prefix.pch"; sourceTree = "<group>"; };
		189A1E3718EC09DB0091DC8A /* AppDelegate.h */ = {isa = PBXFileReference; lastKnownFileType = sourcecode.c.h; path = AppDelegate.h; sourceTree = "<group>"; };
		189A1E3818EC09DB0091DC8A /* AppDelegate.m */ = {isa = PBXFileReference; lastKnownFileType = sourcecode.c.objc; path = AppDelegate.m; sourceTree = "<group>"; };
		189A1E3B18EC09DB0091DC8A /* Base */ = {isa = PBXFileReference; lastKnownFileType = file.storyboard; name = Base; path = Base.lproj/Main.storyboard; sourceTree = "<group>"; };
		189A1E3D18EC09DB0091DC8A /* StartViewController.h */ = {isa = PBXFileReference; lastKnownFileType = sourcecode.c.h; path = StartViewController.h; sourceTree = "<group>"; };
		189A1E3E18EC09DB0091DC8A /* StartViewController.m */ = {isa = PBXFileReference; lastKnownFileType = sourcecode.c.objc; path = StartViewController.m; sourceTree = "<group>"; };
		189A1E4018EC09DB0091DC8A /* Images.xcassets */ = {isa = PBXFileReference; lastKnownFileType = folder.assetcatalog; path = Images.xcassets; sourceTree = "<group>"; };
		189A1E4618EC09DB0091DC8A /* marubatuTests.xctest */ = {isa = PBXFileReference; explicitFileType = wrapper.cfbundle; includeInIndex = 0; path = marubatuTests.xctest; sourceTree = BUILT_PRODUCTS_DIR; };
		189A1E4718EC09DB0091DC8A /* XCTest.framework */ = {isa = PBXFileReference; lastKnownFileType = wrapper.framework; name = XCTest.framework; path = Library/Frameworks/XCTest.framework; sourceTree = DEVELOPER_DIR; };
		189A1E4F18EC09DB0091DC8A /* marubatuTests-Info.plist */ = {isa = PBXFileReference; lastKnownFileType = text.plist.xml; path = "marubatuTests-Info.plist"; sourceTree = "<group>"; };
		189A1E5118EC09DB0091DC8A /* en */ = {isa = PBXFileReference; lastKnownFileType = text.plist.strings; name = en; path = en.lproj/InfoPlist.strings; sourceTree = "<group>"; };
		189A1E5318EC09DB0091DC8A /* marubatuTests.m */ = {isa = PBXFileReference; lastKnownFileType = sourcecode.c.objc; path = marubatuTests.m; sourceTree = "<group>"; };
		189A1E5D18EC09F00091DC8A /* maru.jpeg */ = {isa = PBXFileReference; lastKnownFileType = image.jpeg; path = maru.jpeg; sourceTree = "<group>"; };
		189A1E6018EC09F80091DC8A /* batu.jpeg */ = {isa = PBXFileReference; lastKnownFileType = image.jpeg; path = batu.jpeg; sourceTree = "<group>"; };
		189A1E6718EC15CD0091DC8A /* DataViewController.h */ = {isa = PBXFileReference; fileEncoding = 4; lastKnownFileType = sourcecode.c.h; path = DataViewController.h; sourceTree = "<group>"; };
		189A1E6818EC15CD0091DC8A /* DataViewController.m */ = {isa = PBXFileReference; fileEncoding = 4; lastKnownFileType = sourcecode.c.objc; path = DataViewController.m; sourceTree = "<group>"; };
		DDA4C90618EE4DC0000BF1B1 /* KekkaViewController.h */ = {isa = PBXFileReference; fileEncoding = 4; lastKnownFileType = sourcecode.c.h; path = KekkaViewController.h; sourceTree = "<group>"; };
		DDA4C90718EE4DC0000BF1B1 /* KekkaViewController.m */ = {isa = PBXFileReference; fileEncoding = 4; lastKnownFileType = sourcecode.c.objc; path = KekkaViewController.m; sourceTree = "<group>"; };
/* End PBXFileReference section */

/* Begin PBXFrameworksBuildPhase section */
		189A1E2218EC09DA0091DC8A /* Frameworks */ = {
			isa = PBXFrameworksBuildPhase;
			buildActionMask = 2147483647;
			files = (
				189A1E2B18EC09DB0091DC8A /* CoreGraphics.framework in Frameworks */,
				189A1E2D18EC09DB0091DC8A /* UIKit.framework in Frameworks */,
				189A1E2918EC09DB0091DC8A /* Foundation.framework in Frameworks */,
			);
			runOnlyForDeploymentPostprocessing = 0;
		};
		189A1E4318EC09DB0091DC8A /* Frameworks */ = {
			isa = PBXFrameworksBuildPhase;
			buildActionMask = 2147483647;
			files = (
				189A1E4818EC09DB0091DC8A /* XCTest.framework in Frameworks */,
				189A1E4A18EC09DB0091DC8A /* UIKit.framework in Frameworks */,
				189A1E4918EC09DB0091DC8A /* Foundation.framework in Frameworks */,
			);
			runOnlyForDeploymentPostprocessing = 0;
		};
/* End PBXFrameworksBuildPhase section */

/* Begin PBXGroup section */
		189A1E1C18EC09DA0091DC8A = {
			isa = PBXGroup;
			children = (
				189A1E6718EC15CD0091DC8A /* DataViewController.h */,
				189A1E6818EC15CD0091DC8A /* DataViewController.m */,
				189A1E2E18EC09DB0091DC8A /* marubatu */,
				189A1E4D18EC09DB0091DC8A /* marubatuTests */,
				189A1E2718EC09DB0091DC8A /* Frameworks */,
				189A1E2618EC09DB0091DC8A /* Products */,
			);
			sourceTree = "<group>";
		};
		189A1E2618EC09DB0091DC8A /* Products */ = {
			isa = PBXGroup;
			children = (
				189A1E2518EC09DB0091DC8A /* marubatu.app */,
				189A1E4618EC09DB0091DC8A /* marubatuTests.xctest */,
			);
			name = Products;
			sourceTree = "<group>";
		};
		189A1E2718EC09DB0091DC8A /* Frameworks */ = {
			isa = PBXGroup;
			children = (
				189A1E2818EC09DB0091DC8A /* Foundation.framework */,
				189A1E2A18EC09DB0091DC8A /* CoreGraphics.framework */,
				189A1E2C18EC09DB0091DC8A /* UIKit.framework */,
				189A1E4718EC09DB0091DC8A /* XCTest.framework */,
			);
			name = Frameworks;
			sourceTree = "<group>";
		};
		189A1E2E18EC09DB0091DC8A /* marubatu */ = {
			isa = PBXGroup;
			children = (
				189A1E3718EC09DB0091DC8A /* AppDelegate.h */,
				189A1E3818EC09DB0091DC8A /* AppDelegate.m */,
				189A1E3A18EC09DB0091DC8A /* Main.storyboard */,
				189A1E3D18EC09DB0091DC8A /* StartViewController.h */,
				189A1E3E18EC09DB0091DC8A /* StartViewController.m */,
				DDA4C90618EE4DC0000BF1B1 /* KekkaViewController.h */,
				DDA4C90718EE4DC0000BF1B1 /* KekkaViewController.m */,
				189A1E4018EC09DB0091DC8A /* Images.xcassets */,
				189A1E2F18EC09DB0091DC8A /* Supporting Files */,
			);
			path = marubatu;
			sourceTree = "<group>";
		};
		189A1E2F18EC09DB0091DC8A /* Supporting Files */ = {
			isa = PBXGroup;
			children = (
				189A1E6018EC09F80091DC8A /* batu.jpeg */,
				189A1E5D18EC09F00091DC8A /* maru.jpeg */,
				189A1E3018EC09DB0091DC8A /* marubatu-Info.plist */,
				189A1E3118EC09DB0091DC8A /* InfoPlist.strings */,
				189A1E3418EC09DB0091DC8A /* main.m */,
				189A1E3618EC09DB0091DC8A /* marubatu-Prefix.pch */,
			);
			name = "Supporting Files";
			sourceTree = "<group>";
		};
		189A1E4D18EC09DB0091DC8A /* marubatuTests */ = {
			isa = PBXGroup;
			children = (
				189A1E5318EC09DB0091DC8A /* marubatuTests.m */,
				189A1E4E18EC09DB0091DC8A /* Supporting Files */,
			);
			path = marubatuTests;
			sourceTree = "<group>";
		};
		189A1E4E18EC09DB0091DC8A /* Supporting Files */ = {
			isa = PBXGroup;
			children = (
				189A1E4F18EC09DB0091DC8A /* marubatuTests-Info.plist */,
				189A1E5018EC09DB0091DC8A /* InfoPlist.strings */,
			);
			name = "Supporting Files";
			sourceTree = "<group>";
		};
/* End PBXGroup section */

/* Begin PBXNativeTarget section */
		189A1E2418EC09DA0091DC8A /* marubatu */ = {
			isa = PBXNativeTarget;
			buildConfigurationList = 189A1E5718EC09DB0091DC8A /* Build configuration list for PBXNativeTarget "marubatu" */;
			buildPhases = (
				189A1E2118EC09DA0091DC8A /* Sources */,
				189A1E2218EC09DA0091DC8A /* Frameworks */,
				189A1E2318EC09DA0091DC8A /* Resources */,
			);
			buildRules = (
			);
			dependencies = (
			);
			name = marubatu;
			productName = marubatu;
			productReference = 189A1E2518EC09DB0091DC8A /* marubatu.app */;
			productType = "com.apple.product-type.application";
		};
		189A1E4518EC09DB0091DC8A /* marubatuTests */ = {
			isa = PBXNativeTarget;
			buildConfigurationList = 189A1E5A18EC09DB0091DC8A /* Build configuration list for PBXNativeTarget "marubatuTests" */;
			buildPhases = (
				189A1E4218EC09DB0091DC8A /* Sources */,
				189A1E4318EC09DB0091DC8A /* Frameworks */,
				189A1E4418EC09DB0091DC8A /* Resources */,
			);
			buildRules = (
			);
			dependencies = (
				189A1E4C18EC09DB0091DC8A /* PBXTargetDependency */,
			);
			name = marubatuTests;
			productName = marubatuTests;
			productReference = 189A1E4618EC09DB0091DC8A /* marubatuTests.xctest */;
			productType = "com.apple.product-type.bundle.unit-test";
		};
/* End PBXNativeTarget section */

/* Begin PBXProject section */
		189A1E1D18EC09DA0091DC8A /* Project object */ = {
			isa = PBXProject;
			attributes = {
				LastUpgradeCheck = 0510;
				ORGANIZATIONNAME = bizan.com.mac04;
				TargetAttributes = {
					189A1E2418EC09DA0091DC8A = {
						DevelopmentTeam = F6V5S453ZH;
					};
					189A1E4518EC09DB0091DC8A = {
						TestTargetID = 189A1E2418EC09DA0091DC8A;
					};
				};
			};
			buildConfigurationList = 189A1E2018EC09DA0091DC8A /* Build configuration list for PBXProject "marubatu" */;
			compatibilityVersion = "Xcode 3.2";
			developmentRegion = English;
			hasScannedForEncodings = 0;
			knownRegions = (
				en,
				Base,
			);
			mainGroup = 189A1E1C18EC09DA0091DC8A;
			productRefGroup = 189A1E2618EC09DB0091DC8A /* Products */;
			projectDirPath = "";
			projectRoot = "";
			targets = (
				189A1E2418EC09DA0091DC8A /* marubatu */,
				189A1E4518EC09DB0091DC8A /* marubatuTests */,
			);
		};
/* End PBXProject section */

/* Begin PBXResourcesBuildPhase section */
		189A1E2318EC09DA0091DC8A /* Resources */ = {
			isa = PBXResourcesBuildPhase;
			buildActionMask = 2147483647;
			files = (
				189A1E4118EC09DB0091DC8A /* Images.xcassets in Resources */,
				189A1E3318EC09DB0091DC8A /* InfoPlist.strings in Resources */,
				189A1E5E18EC09F00091DC8A /* maru.jpeg in Resources */,
				189A1E6118EC09F80091DC8A /* batu.jpeg in Resources */,
				189A1E3C18EC09DB0091DC8A /* Main.storyboard in Resources */,
			);
			runOnlyForDeploymentPostprocessing = 0;
		};
		189A1E4418EC09DB0091DC8A /* Resources */ = {
			isa = PBXResourcesBuildPhase;
			buildActionMask = 2147483647;
			files = (
				189A1E6218EC09F80091DC8A /* batu.jpeg in Resources */,
				189A1E5F18EC09F00091DC8A /* maru.jpeg in Resources */,
				189A1E5218EC09DB0091DC8A /* InfoPlist.strings in Resources */,
			);
			runOnlyForDeploymentPostprocessing = 0;
		};
/* End PBXResourcesBuildPhase section */

/* Begin PBXSourcesBuildPhase section */
		189A1E2118EC09DA0091DC8A /* Sources */ = {
			isa = PBXSourcesBuildPhase;
			buildActionMask = 2147483647;
			files = (
				189A1E3F18EC09DB0091DC8A /* StartViewController.m in Sources */,
				189A1E3918EC09DB0091DC8A /* AppDelegate.m in Sources */,
				189A1E6918EC15CD0091DC8A /* DataViewController.m in Sources */,
				189A1E3518EC09DB0091DC8A /* main.m in Sources */,
				DDA4C90818EE4DC0000BF1B1 /* KekkaViewController.m in Sources */,
			);
			runOnlyForDeploymentPostprocessing = 0;
		};
		189A1E4218EC09DB0091DC8A /* Sources */ = {
			isa = PBXSourcesBuildPhase;
			buildActionMask = 2147483647;
			files = (
				189A1E6A18EC15CD0091DC8A /* DataViewController.m in Sources */,
				189A1E5418EC09DB0091DC8A /* marubatuTests.m in Sources */,
			);
			runOnlyForDeploymentPostprocessing = 0;
		};
/* End PBXSourcesBuildPhase section */

/* Begin PBXTargetDependency section */
		189A1E4C18EC09DB0091DC8A /* PBXTargetDependency */ = {
			isa = PBXTargetDependency;
			target = 189A1E2418EC09DA0091DC8A /* marubatu */;
			targetProxy = 189A1E4B18EC09DB0091DC8A /* PBXContainerItemProxy */;
		};
/* End PBXTargetDependency section */

/* Begin PBXVariantGroup section */
		189A1E3118EC09DB0091DC8A /* InfoPlist.strings */ = {
			isa = PBXVariantGroup;
			children = (
				189A1E3218EC09DB0091DC8A /* en */,
			);
			name = InfoPlist.strings;
			sourceTree = "<group>";
		};
		189A1E3A18EC09DB0091DC8A /* Main.storyboard */ = {
			isa = PBXVariantGroup;
			children = (
				189A1E3B18EC09DB0091DC8A /* Base */,
			);
			name = Main.storyboard;
			sourceTree = "<group>";
		};
		189A1E5018EC09DB0091DC8A /* InfoPlist.strings */ = {
			isa = PBXVariantGroup;
			children = (
				189A1E5118EC09DB0091DC8A /* en */,
			);
			name = InfoPlist.strings;
			sourceTree = "<group>";
		};
/* End PBXVariantGroup section */

/* Begin XCBuildConfiguration section */
		189A1E5518EC09DB0091DC8A /* Debug */ = {
			isa = XCBuildConfiguration;
			buildSettings = {
				ALWAYS_SEARCH_USER_PATHS = NO;
				CLANG_CXX_LANGUAGE_STANDARD = "gnu++0x";
				CLANG_CXX_LIBRARY = "libc++";
				CLANG_ENABLE_MODULES = YES;
				CLANG_ENABLE_OBJC_ARC = YES;
				CLANG_WARN_BOOL_CONVERSION = YES;
				CLANG_WARN_CONSTANT_CONVERSION = YES;
				CLANG_WARN_DIRECT_OBJC_ISA_USAGE = YES_ERROR;
				CLANG_WARN_EMPTY_BODY = YES;
				CLANG_WARN_ENUM_CONVERSION = YES;
				CLANG_WARN_INT_CONVERSION = YES;
				CLANG_WARN_OBJC_ROOT_CLASS = YES_ERROR;
				CLANG_WARN__DUPLICATE_METHOD_MATCH = YES;
				"CODE_SIGN_IDENTITY[sdk=iphoneos*]" = "iPhone Developer";
				COPY_PHASE_STRIP = NO;
				GCC_C_LANGUAGE_STANDARD = gnu99;
				GCC_DYNAMIC_NO_PIC = NO;
				GCC_OPTIMIZATION_LEVEL = 0;
				GCC_PREPROCESSOR_DEFINITIONS = (
					"DEBUG=1",
					"$(inherited)",
				);
				GCC_SYMBOLS_PRIVATE_EXTERN = NO;
				GCC_WARN_64_TO_32_BIT_CONVERSION = YES;
				GCC_WARN_ABOUT_RETURN_TYPE = YES_ERROR;
				GCC_WARN_UNDECLARED_SELECTOR = YES;
				GCC_WARN_UNINITIALIZED_AUTOS = YES_AGGRESSIVE;
				GCC_WARN_UNUSED_FUNCTION = YES;
				GCC_WARN_UNUSED_VARIABLE = YES;
				IPHONEOS_DEPLOYMENT_TARGET = 7.1;
				ONLY_ACTIVE_ARCH = YES;
				SDKROOT = iphoneos;
			};
			name = Debug;
		};
		189A1E5618EC09DB0091DC8A /* Release */ = {
			isa = XCBuildConfiguration;
			buildSettings = {
				ALWAYS_SEARCH_USER_PATHS = NO;
				CLANG_CXX_LANGUAGE_STANDARD = "gnu++0x";
				CLANG_CXX_LIBRARY = "libc++";
				CLANG_ENABLE_MODULES = YES;
				CLANG_ENABLE_OBJC_ARC = YES;
				CLANG_WARN_BOOL_CONVERSION = YES;
				CLANG_WARN_CONSTANT_CONVERSION = YES;
				CLANG_WARN_DIRECT_OBJC_ISA_USAGE = YES_ERROR;
				CLANG_WARN_EMPTY_BODY = YES;
				CLANG_WARN_ENUM_CONVERSION = YES;
				CLANG_WARN_INT_CONVERSION = YES;
				CLANG_WARN_OBJC_ROOT_CLASS = YES_ERROR;
				CLANG_WARN__DUPLICATE_METHOD_MATCH = YES;
				"CODE_SIGN_IDENTITY[sdk=iphoneos*]" = "iPhone Developer";
				COPY_PHASE_STRIP = YES;
				ENABLE_NS_ASSERTIONS = NO;
				GCC_C_LANGUAGE_STANDARD = gnu99;
				GCC_WARN_64_TO_32_BIT_CONVERSION = YES;
				GCC_WARN_ABOUT_RETURN_TYPE = YES_ERROR;
				GCC_WARN_UNDECLARED_SELECTOR = YES;
				GCC_WARN_UNINITIALIZED_AUTOS = YES_AGGRESSIVE;
				GCC_WARN_UNUSED_FUNCTION = YES;
				GCC_WARN_UNUSED_VARIABLE = YES;
				IPHONEOS_DEPLOYMENT_TARGET = 7.1;
				SDKROOT = iphoneos;
				VALIDATE_PRODUCT = YES;
			};
			name = Release;
		};
		189A1E5818EC09DB0091DC8A /* Debug */ = {
			isa = XCBuildConfiguration;
			buildSettings = {
				ASSETCATALOG_COMPILER_APPICON_NAME = AppIcon;
				ASSETCATALOG_COMPILER_LAUNCHIMAGE_NAME = LaunchImage;
				CODE_SIGN_IDENTITY = "iPhone Developer";
				GCC_PRECOMPILE_PREFIX_HEADER = YES;
				GCC_PREFIX_HEADER = "marubatu/marubatu-Prefix.pch";
				INFOPLIST_FILE = "marubatu/marubatu-Info.plist";
				PRODUCT_NAME = "$(TARGET_NAME)";
				WRAPPER_EXTENSION = app;
			};
			name = Debug;
		};
		189A1E5918EC09DB0091DC8A /* Release */ = {
			isa = XCBuildConfiguration;
			buildSettings = {
				ASSETCATALOG_COMPILER_APPICON_NAME = AppIcon;
				ASSETCATALOG_COMPILER_LAUNCHIMAGE_NAME = LaunchImage;
				CODE_SIGN_IDENTITY = "iPhone Developer";
				GCC_PRECOMPILE_PREFIX_HEADER = YES;
				GCC_PREFIX_HEADER = "marubatu/marubatu-Prefix.pch";
				INFOPLIST_FILE = "marubatu/marubatu-Info.plist";
				PRODUCT_NAME = "$(TARGET_NAME)";
				WRAPPER_EXTENSION = app;
			};
			name = Release;
		};
		189A1E5B18EC09DB0091DC8A /* Debug */ = {
			isa = XCBuildConfiguration;
			buildSettings = {
				BUNDLE_LOADER = "$(BUILT_PRODUCTS_DIR)/marubatu.app/marubatu";
				FRAMEWORK_SEARCH_PATHS = (
					"$(SDKROOT)/Developer/Library/Frameworks",
					"$(inherited)",
					"$(DEVELOPER_FRAMEWORKS_DIR)",
				);
				GCC_PRECOMPILE_PREFIX_HEADER = YES;
				GCC_PREFIX_HEADER = "marubatu/marubatu-Prefix.pch";
				GCC_PREPROCESSOR_DEFINITIONS = (
					"DEBUG=1",
					"$(inherited)",
				);
				INFOPLIST_FILE = "marubatuTests/marubatuTests-Info.plist";
				PRODUCT_NAME = "$(TARGET_NAME)";
				TEST_HOST = "$(BUNDLE_LOADER)";
				WRAPPER_EXTENSION = xctest;
			};
			name = Debug;
		};
		189A1E5C18EC09DB0091DC8A /* Release */ = {
			isa = XCBuildConfiguration;
			buildSettings = {
				BUNDLE_LOADER = "$(BUILT_PRODUCTS_DIR)/marubatu.app/marubatu";
				FRAMEWORK_SEARCH_PATHS = (
					"$(SDKROOT)/Developer/Library/Frameworks",
					"$(inherited)",
					"$(DEVELOPER_FRAMEWORKS_DIR)",
				);
				GCC_PRECOMPILE_PREFIX_HEADER = YES;
				GCC_PREFIX_HEADER = "marubatu/marubatu-Prefix.pch";
				INFOPLIST_FILE = "marubatuTests/marubatuTests-Info.plist";
				PRODUCT_NAME = "$(TARGET_NAME)";
				TEST_HOST = "$(BUNDLE_LOADER)";
				WRAPPER_EXTENSION = xctest;
			};
			name = Release;
		};
/* End XCBuildConfiguration section */

/* Begin XCConfigurationList section */
		189A1E2018EC09DA0091DC8A /* Build configuration list for PBXProject "marubatu" */ = {
			isa = XCConfigurationList;
			buildConfigurations = (
				189A1E5518EC09DB0091DC8A /* Debug */,
				189A1E5618EC09DB0091DC8A /* Release */,
			);
			defaultConfigurationIsVisible = 0;
			defaultConfigurationName = Release;
		};
		189A1E5718EC09DB0091DC8A /* Build configuration list for PBXNativeTarget "marubatu" */ = {
			isa = XCConfigurationList;
			buildConfigurations = (
				189A1E5818EC09DB0091DC8A /* Debug */,
				189A1E5918EC09DB0091DC8A /* Release */,
			);
			defaultConfigurationIsVisible = 0;
			defaultConfigurationName = Release;
		};
		189A1E5A18EC09DB0091DC8A /* Build configuration list for PBXNativeTarget "marubatuTests" */ = {
			isa = XCConfigurationList;
			buildConfigurations = (
				189A1E5B18EC09DB0091DC8A /* Debug */,
				189A1E5C18EC09DB0091DC8A /* Release */,
			);
			defaultConfigurationIsVisible = 0;
			defaultConfigurationName = Release;
		};
/* End XCConfigurationList section */
	};
	rootObject = 189A1E1D18EC09DA0091DC8A /* Project object */;
}
